<?xml version="1.0" encoding="utf-8"?>
<Project ToolsVersion="4.0" xmlns="http://schemas.microsoft.com/developer/msbuild/2003">
  <ItemGroup>
    <Filter Include="Source Files">
      <UniqueIdentifier>{4FC737F1-C7A5-4376-A066-2A32D752A2FF}</UniqueIdentifier>
      <Extensions>cpp;c;cc;cxx;c++;cppm;ixx;def;odl;idl;hpj;bat;asm;asmx</Extensions>
    </Filter>
    <Filter Include="Resource Files">
      <UniqueIdentifier>{67DA6AB6-F800-4c08-8B7A-83BB121AAD01}</UniqueIdentifier>
      <Extensions>rc;ico;cur;bmp;dlg;rc2;rct;bin;rgs;gif;jpg;jpeg;jpe;resx;tiff;tif;png;wav;mfcribbon-ms</Extensions>
    </Filter>
    <Filter Include="02. Stage">
      <UniqueIdentifier>{f6ae5abb-42cc-4735-a83e-1bc7bfd14cd2}</UniqueIdentifier>
    </Filter>
    <Filter Include="01. Core">
      <UniqueIdentifier>{eb16f40f-d8bf-49c0-b79c-f624e1b12f27}</UniqueIdentifier>
    </Filter>
    <Filter Include="Header Files">
      <UniqueIdentifier>{93995380-89BD-4b04-88EB-625FBE52EBFB}</UniqueIdentifier>
      <Extensions>h;hh;hpp;hxx;h++;hm;inl;inc;ipp;xsd</Extensions>
    </Filter>
    <Filter Include="01. Core\01. File">
      <UniqueIdentifier>{049c131b-fd41-4081-8525-ef6ccc288b14}</UniqueIdentifier>
    </Filter>
    <Filter Include="03. Object">
      <UniqueIdentifier>{c5d41c7d-9fa9-4cda-8303-3abd2934efd7}</UniqueIdentifier>
    </Filter>
  </ItemGroup>
  <ItemGroup>
    <ClCompile Include="Running.cpp">
      <Filter>Source Files</Filter>
    </ClCompile>
    <ClCompile Include="Core.cpp">
      <Filter>01. Core</Filter>
    </ClCompile>
    <ClCompile Include="MapManager.cpp">
      <Filter>02. Stage</Filter>
    </ClCompile>
    <ClCompile Include="Stage.cpp">
      <Filter>02. Stage</Filter>
    </ClCompile>
    <ClCompile Include="FileStream.cpp">
      <Filter>01. Core\01. File</Filter>
    </ClCompile>
    <ClCompile Include="Player.cpp">
      <Filter>03. Object</Filter>
    </ClCompile>
    <ClCompile Include="ObjectManager.cpp">
      <Filter>03. Object</Filter>
    </ClCompile>
    <ClCompile Include="Bullet.cpp">
      <Filter>03. Object</Filter>
    </ClCompile>
  </ItemGroup>
  <ItemGroup>
    <ClInclude Include="Core.h">
      <Filter>01. Core</Filter>
    </ClInclude>
    <ClInclude Include="MapManager.h">
      <Filter>02. Stage</Filter>
    </ClInclude>
    <ClInclude Include="Stage.h">
      <Filter>02. Stage</Filter>
    </ClInclude>
    <ClInclude Include="value.h">
      <Filter>Header Files</Filter>
    </ClInclude>
    <ClInclude Include="FileStream.h">
      <Filter>01. Core\01. File</Filter>
    </ClInclude>
    <ClInclude Include="Player.h">
      <Filter>03. Object</Filter>
    </ClInclude>
    <ClInclude Include="ObjectManager.h">
      <Filter>03. Object</Filter>
    </ClInclude>
    <ClInclude Include="Bullet.h">
      <Filter>03. Object</Filter>
    </ClInclude>
  </ItemGroup>
</Project>