
Microsoft Visual Studio Solution File, Format Version 12.00
# Visual Studio Version 16
VisualStudioVersion = 16.0.30114.105
MinimumVisualStudioVersion = 10.0.40219.1
Project("{8BC9CEB8-8B4A-11D0-8D11-00A0C91BC942}") = "20200525__001", "20200525__001\20200525__001.vcxproj", "{CEEDF122-591C-4567-9286-6F60C81F0D18}"
EndProject
Global
	GlobalSection(SolutionConfigurationPlatforms) = preSolution
		Debug|x64 = Debug|x64
		Debug|x86 = Debug|x86
		Release|x64 = Release|x64
		Release|x86 = Release|x86
	EndGlobalSection
	GlobalSection(ProjectConfigurationPlatforms) = postSolution
		{CEEDF122-591C-4567-9286-6F60C81F0D18}.Debug|x64.ActiveCfg = Debug|x64
		{CEEDF122-591C-4567-9286-6F60C81F0D18}.Debug|x64.Build.0 = Debug|x64
		{CEEDF122-591C-4567-9286-6F60C81F0D18}.Debug|x86.ActiveCfg = Debug|Win32
		{CEEDF122-591C-4567-9286-6F60C81F0D18}.Debug|x86.Build.0 = Debug|Win32
		{CEEDF122-591C-4567-9286-6F60C81F0D18}.Release|x64.ActiveCfg = Release|x64
		{CEEDF122-591C-4567-9286-6F60C81F0D18}.Release|x64.Build.0 = Release|x64
		{CEEDF122-591C-4567-9286-6F60C81F0D18}.Release|x86.ActiveCfg = Release|Win32
		{CEEDF122-591C-4567-9286-6F60C81F0D18}.Release|x86.Build.0 = Release|Win32
	EndGlobalSection
	GlobalSection(SolutionProperties) = preSolution
		HideSolutionNode = FALSE
	EndGlobalSection
	GlobalSection(ExtensibilityGlobals) = postSolution
		SolutionGuid = {1098E95F-D77E-41CD-834C-2F3BE656808B}
	EndGlobalSection
EndGlobal
